
Microsoft Visual Studio Solution File, Format Version 12.00
# Visual Studio Version 16
VisualStudioVersion = 16.0.31702.278
MinimumVisualStudioVersion = 10.0.40219.1
Project("{FAE04EC0-301F-11D3-BF4B-00C04F79EFBC}") = "UserRegistrationException", "UserRegistrationException\UserRegistrationException.csproj", "{50C75943-ED3F-4835-9EA8-15A3BB766236}"
EndProject
Project("{FAE04EC0-301F-11D3-BF4B-00C04F79EFBC}") = "TestingUserException", "TestingUserException\TestingUserException.csproj", "{B4440071-8C4B-4100-AD6A-09C4A5B5F822}"
EndProject
Global
	GlobalSection(SolutionConfigurationPlatforms) = preSolution
		Debug|Any CPU = Debug|Any CPU
		Release|Any CPU = Release|Any CPU
	EndGlobalSection
	GlobalSection(ProjectConfigurationPlatforms) = postSolution
		{50C75943-ED3F-4835-9EA8-15A3BB766236}.Debug|Any CPU.ActiveCfg = Debug|Any CPU
		{50C75943-ED3F-4835-9EA8-15A3BB766236}.Debug|Any CPU.Build.0 = Debug|Any CPU
		{50C75943-ED3F-4835-9EA8-15A3BB766236}.Release|Any CPU.ActiveCfg = Release|Any CPU
		{50C75943-ED3F-4835-9EA8-15A3BB766236}.Release|Any CPU.Build.0 = Release|Any CPU
		{B4440071-8C4B-4100-AD6A-09C4A5B5F822}.Debug|Any CPU.ActiveCfg = Debug|Any CPU
		{B4440071-8C4B-4100-AD6A-09C4A5B5F822}.Debug|Any CPU.Build.0 = Debug|Any CPU
		{B4440071-8C4B-4100-AD6A-09C4A5B5F822}.Release|Any CPU.ActiveCfg = Release|Any CPU
		{B4440071-8C4B-4100-AD6A-09C4A5B5F822}.Release|Any CPU.Build.0 = Release|Any CPU
	EndGlobalSection
	GlobalSection(SolutionProperties) = preSolution
		HideSolutionNode = FALSE
	EndGlobalSection
	GlobalSection(ExtensibilityGlobals) = postSolution
		SolutionGuid = {8AD1F5D7-A99D-46B2-B2AF-D41FF090CC29}
	EndGlobalSection
EndGlobal
